{
    "_readme": [
        "This file locks the dependencies of your project to a known state",
        "Read more about it at https://getcomposer.org/doc/01-basic-usage.md#installing-dependencies",
        "This file is @generated automatically"
    ],
    "content-hash": "f26fe53e7d85dae798012146e4cbf9bf",
    "packages": [
        {
            "name": "adhocore/json-comment",
            "version": "1.2.1",
            "source": {
                "type": "git",
                "url": "https://github.com/adhocore/php-json-comment.git",
                "reference": "651023f9fe52e9efa2198cbaf6e481d1968e2377"
            },
            "dist": {
                "type": "zip",
                "url": "https://api.github.com/repos/adhocore/php-json-comment/zipball/651023f9fe52e9efa2198cbaf6e481d1968e2377",
                "reference": "651023f9fe52e9efa2198cbaf6e481d1968e2377",
                "shasum": ""
            },
            "require": {
                "ext-ctype": "*",
                "php": ">=7.0"
            },
            "require-dev": {
                "phpunit/phpunit": "^6.5 || ^7.5 || ^8.5"
            },
            "type": "library",
            "autoload": {
                "psr-4": {
                    "Ahc\\Json\\": "src/"
                }
            },
            "notification-url": "https://packagist.org/downloads/",
            "license": [
                "MIT"
            ],
            "authors": [
                {
                    "name": "Jitendra Adhikari",
                    "email": "jiten.adhikary@gmail.com"
                }
            ],
            "description": "Lightweight JSON comment stripper library for PHP",
            "keywords": [
                "comment",
                "json",
                "strip-comment"
            ],
            "support": {
                "issues": "https://github.com/adhocore/php-json-comment/issues",
                "source": "https://github.com/adhocore/php-json-comment/tree/1.2.1"
            },
            "funding": [
                {
                    "url": "https://paypal.me/ji10",
                    "type": "custom"
                },
                {
                    "url": "https://github.com/adhocore",
                    "type": "github"
                }
            ],
            "time": "2022-10-02T11:22:07+00:00"
        },
        {
            "name": "brick/math",
            "version": "0.12.3",
            "source": {
                "type": "git",
                "url": "https://github.com/brick/math.git",
                "reference": "866551da34e9a618e64a819ee1e01c20d8a588ba"
            },
            "dist": {
                "type": "zip",
                "url": "https://api.github.com/repos/brick/math/zipball/866551da34e9a618e64a819ee1e01c20d8a588ba",
                "reference": "866551da34e9a618e64a819ee1e01c20d8a588ba",
                "shasum": ""
            },
            "require": {
                "php": "^8.1"
            },
            "require-dev": {
                "php-coveralls/php-coveralls": "^2.2",
                "phpunit/phpunit": "^10.1",
                "vimeo/psalm": "6.8.8"
            },
            "type": "library",
            "autoload": {
                "psr-4": {
                    "Brick\\Math\\": "src/"
                }
            },
            "notification-url": "https://packagist.org/downloads/",
            "license": [
                "MIT"
            ],
            "description": "Arbitrary-precision arithmetic library",
            "keywords": [
                "Arbitrary-precision",
                "BigInteger",
                "BigRational",
                "arithmetic",
                "bigdecimal",
                "bignum",
                "bignumber",
                "brick",
                "decimal",
                "integer",
                "math",
                "mathematics",
                "rational"
            ],
            "support": {
                "issues": "https://github.com/brick/math/issues",
                "source": "https://github.com/brick/math/tree/0.12.3"
            },
            "funding": [
                {
                    "url": "https://github.com/BenMorel",
                    "type": "github"
                }
            ],
            "time": "2025-02-28T13:11:00+00:00"
        },
        {
            "name": "fgrosse/phpasn1",
            "version": "v2.5.0",
            "source": {
                "type": "git",
                "url": "https://github.com/fgrosse/PHPASN1.git",
                "reference": "42060ed45344789fb9f21f9f1864fc47b9e3507b"
            },
            "dist": {
                "type": "zip",
                "url": "https://api.github.com/repos/fgrosse/PHPASN1/zipball/42060ed45344789fb9f21f9f1864fc47b9e3507b",
                "reference": "42060ed45344789fb9f21f9f1864fc47b9e3507b",
                "shasum": ""
            },
            "require": {
                "php": "^7.1 || ^8.0"
            },
            "require-dev": {
                "php-coveralls/php-coveralls": "~2.0",
                "phpunit/phpunit": "^7.0 || ^8.0 || ^9.0"
            },
            "suggest": {
                "ext-bcmath": "BCmath is the fallback extension for big integer calculations",
                "ext-curl": "For loading OID information from the web if they have not bee defined statically",
                "ext-gmp": "GMP is the preferred extension for big integer calculations",
                "phpseclib/bcmath_compat": "BCmath polyfill for servers where neither GMP nor BCmath is available"
            },
            "type": "library",
            "extra": {
                "branch-alias": {
                    "dev-master": "2.0.x-dev"
                }
            },
            "autoload": {
                "psr-4": {
                    "FG\\": "lib/"
                }
            },
            "notification-url": "https://packagist.org/downloads/",
            "license": [
                "MIT"
            ],
            "authors": [
                {
                    "name": "Friedrich Große",
                    "email": "friedrich.grosse@gmail.com",
                    "homepage": "https://github.com/FGrosse",
                    "role": "Author"
                },
                {
                    "name": "All contributors",
                    "homepage": "https://github.com/FGrosse/PHPASN1/contributors"
                }
            ],
            "description": "A PHP Framework that allows you to encode and decode arbitrary ASN.1 structures using the ITU-T X.690 Encoding Rules.",
            "homepage": "https://github.com/FGrosse/PHPASN1",
            "keywords": [
                "DER",
                "asn.1",
                "asn1",
                "ber",
                "binary",
                "decoding",
                "encoding",
                "x.509",
                "x.690",
                "x509",
                "x690"
            ],
            "support": {
                "issues": "https://github.com/fgrosse/PHPASN1/issues",
                "source": "https://github.com/fgrosse/PHPASN1/tree/v2.5.0"
            },
            "abandoned": true,
            "time": "2022-12-19T11:08:26+00:00"
        },
        {
            "name": "pocketmine/bedrock-block-upgrade-schema",
            "version": "5.1.0",
            "source": {
                "type": "git",
                "url": "https://github.com/pmmp/BedrockBlockUpgradeSchema.git",
                "reference": "2218512e4b91f5bfd09ef55f7a4c4b04e169e41a"
            },
            "dist": {
                "type": "zip",
                "url": "https://api.github.com/repos/pmmp/BedrockBlockUpgradeSchema/zipball/2218512e4b91f5bfd09ef55f7a4c4b04e169e41a",
                "reference": "2218512e4b91f5bfd09ef55f7a4c4b04e169e41a",
                "shasum": ""
            },
            "type": "library",
            "notification-url": "https://packagist.org/downloads/",
            "license": [
                "CC0-1.0"
            ],
            "description": "Schemas describing how to upgrade saved block data in older Minecraft: Bedrock Edition world saves",
            "support": {
                "issues": "https://github.com/pmmp/BedrockBlockUpgradeSchema/issues",
                "source": "https://github.com/pmmp/BedrockBlockUpgradeSchema/tree/5.1.0"
            },
            "time": "2025-02-11T17:41:44+00:00"
        },
        {
            "name": "pocketmine/bedrock-data",
            "version": "5.3.0+bedrock-1.21.100",
            "source": {
                "type": "git",
                "url": "https://github.com/pmmp/BedrockData.git",
                "reference": "5279e76261df158d5af187cfaafc1618c1da9e3f"
            },
            "dist": {
                "type": "zip",
                "url": "https://api.github.com/repos/pmmp/BedrockData/zipball/5279e76261df158d5af187cfaafc1618c1da9e3f",
                "reference": "5279e76261df158d5af187cfaafc1618c1da9e3f",
                "shasum": ""
            },
            "type": "library",
            "notification-url": "https://packagist.org/downloads/",
            "license": [
                "CC0-1.0"
            ],
            "description": "Blobs of data generated from Minecraft: Bedrock Edition, used by PocketMine-MP",
            "support": {
                "issues": "https://github.com/pmmp/BedrockData/issues",
                "source": "https://github.com/pmmp/BedrockData/tree/5.3.0+bedrock-1.21.100"
            },
            "time": "2025-07-30T22:07:56+00:00"
        },
        {
            "name": "pocketmine/bedrock-item-upgrade-schema",
            "version": "1.15.0",
            "source": {
                "type": "git",
                "url": "https://github.com/pmmp/BedrockItemUpgradeSchema.git",
                "reference": "09e0dbe9743f21a76b1fe04b2b4136785775f52b"
            },
            "dist": {
                "type": "zip",
                "url": "https://api.github.com/repos/pmmp/BedrockItemUpgradeSchema/zipball/09e0dbe9743f21a76b1fe04b2b4136785775f52b",
                "reference": "09e0dbe9743f21a76b1fe04b2b4136785775f52b",
                "shasum": ""
            },
            "type": "library",
            "notification-url": "https://packagist.org/downloads/",
            "license": [
                "CC0-1.0"
            ],
            "description": "JSON schemas for upgrading items found in older Minecraft: Bedrock world saves",
            "support": {
                "issues": "https://github.com/pmmp/BedrockItemUpgradeSchema/issues",
                "source": "https://github.com/pmmp/BedrockItemUpgradeSchema/tree/1.15.0"
            },
            "time": "2025-08-06T15:08:48+00:00"
        },
        {
            "name": "pocketmine/bedrock-protocol",
            "version": "40.0.0+bedrock-1.21.100",
            "source": {
                "type": "git",
                "url": "https://github.com/pmmp/BedrockProtocol.git",
                "reference": "5e95cab3a6e6c24920e0c25ca4aaf887ed4b70ca"
            },
            "dist": {
                "type": "zip",
                "url": "https://api.github.com/repos/pmmp/BedrockProtocol/zipball/5e95cab3a6e6c24920e0c25ca4aaf887ed4b70ca",
                "reference": "5e95cab3a6e6c24920e0c25ca4aaf887ed4b70ca",
                "shasum": ""
            },
            "require": {
                "ext-json": "*",
                "php": "^8.1",
                "pocketmine/binaryutils": "^0.2.0",
                "pocketmine/color": "^0.2.0 || ^0.3.0",
                "pocketmine/math": "^0.3.0 || ^0.4.0 || ^1.0.0",
                "pocketmine/nbt": "^1.0.0",
                "ramsey/uuid": "^4.1"
            },
            "require-dev": {
                "phpstan/phpstan": "2.1.0",
                "phpstan/phpstan-phpunit": "^2.0.0",
                "phpstan/phpstan-strict-rules": "^2.0.0",
                "phpunit/phpunit": "^9.5 || ^10.0 || ^11.0"
            },
            "type": "library",
            "autoload": {
                "psr-4": {
                    "pocketmine\\network\\mcpe\\protocol\\": "src/"
                }
            },
            "notification-url": "https://
